
Microsoft Visual Studio Solution File, Format Version 12.00
# Visual Studio Version 17
VisualStudioVersion = 17.0.31903.59
MinimumVisualStudioVersion = 10.0.40219.1
Project("{FAE04EC0-301F-11D3-BF4B-00C04F79EFBC}") = "ProjectGenerator", "ProjectGenerator\ProjectGenerator.csproj", "{E360E356-6702-4155-861A-E06A78E6821C}"
EndProject
Project("{FAE04EC0-301F-11D3-BF4B-00C04F79EFBC}") = "StyleVerifier", "StyleVerifier\StyleVerifier.csproj", "{A22DAB76-E8DA-4601-A9F5-F49CCE6BB0EC}"
EndProject
Project("{FAE04EC0-301F-11D3-BF4B-00C04F79EFBC}") = "styver", "styver\styver.csproj", "{880C90A0-9EBF-444F-92DB-4E9BB5D81694}"
EndProject
Project("{FAE04EC0-301F-11D3-BF4B-00C04F79EFBC}") = "ProjectGenerator.UnitySupport", "ProjectGenerator.UnitySupport\ProjectGenerator.UnitySupport.csproj", "{A5FBD3EE-3F7A-4CF7-BFB4-FB5F085A6F8B}"
EndProject
Global
	GlobalSection(SolutionConfigurationPlatforms) = preSolution
		Debug|Any CPU = Debug|Any CPU
		Release|Any CPU = Release|Any CPU
	EndGlobalSection
	GlobalSection(SolutionProperties) = preSolution
		HideSolutionNode = FALSE
	EndGlobalSection
	GlobalSection(ProjectConfigurationPlatforms) = postSolution
		{E360E356-6702-4155-861A-E06A78E6821C}.Debug|Any CPU.ActiveCfg = Debug|Any CPU
		{E360E356-6702-4155-861A-E06A78E6821C}.Debug|Any CPU.Build.0 = Debug|Any CPU
		{E360E356-6702-4155-861A-E06A78E6821C}.Release|Any CPU.ActiveCfg = Release|Any CPU
		{E360E356-6702-4155-861A-E06A78E6821C}.Release|Any CPU.Build.0 = Release|Any CPU
		{A22DAB76-E8DA-4601-A9F5-F49CCE6BB0EC}.Debug|Any CPU.ActiveCfg = Debug|Any CPU
		{A22DAB76-E8DA-4601-A9F5-F49CCE6BB0EC}.Debug|Any CPU.Build.0 = Debug|Any CPU
		{A22DAB76-E8DA-4601-A9F5-F49CCE6BB0EC}.Release|Any CPU.ActiveCfg = Release|Any CPU
		{A22DAB76-E8DA-4601-A9F5-F49CCE6BB0EC}.Release|Any CPU.Build.0 = Release|Any CPU
		{880C90A0-9EBF-444F-92DB-4E9BB5D81694}.Debug|Any CPU.ActiveCfg = Debug|Any CPU
		{880C90A0-9EBF-444F-92DB-4E9BB5D81694}.Debug|Any CPU.Build.0 = Debug|Any CPU
		{880C90A0-9EBF-444F-92DB-4E9BB5D81694}.Release|Any CPU.ActiveCfg = Release|Any CPU
		{880C90A0-9EBF-444F-92DB-4E9BB5D81694}.Release|Any CPU.Build.0 = Release|Any CPU
		{A5FBD3EE-3F7A-4CF7-BFB4-FB5F085A6F8B}.Debug|Any CPU.ActiveCfg = Debug|Any CPU
		{A5FBD3EE-3F7A-4CF7-BFB4-FB5F085A6F8B}.Debug|Any CPU.Build.0 = Debug|Any CPU
		{A5FBD3EE-3F7A-4CF7-BFB4-FB5F085A6F8B}.Release|Any CPU.ActiveCfg = Release|Any CPU
		{A5FBD3EE-3F7A-4CF7-BFB4-FB5F085A6F8B}.Release|Any CPU.Build.0 = Release|Any CPU
	EndGlobalSection
EndGlobal
